
Microsoft Visual Studio Solution File, Format Version 12.00
# Visual Studio 15
VisualStudioVersion = 15.0.27130.2027
MinimumVisualStudioVersion = 10.0.40219.1
Project("{8BC9CEB8-8B4A-11D0-8D11-00A0C91BC942}") = "Lagrange", "Lagrange\Lagrange.vcxproj", "{DAABF1F1-3D55-4BC1-BD48-208EF08E7919}"
EndProject
Global
	GlobalSection(SolutionConfigurationPlatforms) = preSolution
		Debug|x64 = Debug|x64
		Debug|x86 = Debug|x86
		Release|x64 = Release|x64
		Release|x86 = Release|x86
	EndGlobalSection
	GlobalSection(ProjectConfigurationPlatforms) = postSolution
		{DAABF1F1-3D55-4BC1-BD48-208EF08E7919}.Debug|x64.ActiveCfg = Debug|x64
		{DAABF1F1-3D55-4BC1-BD48-208EF08E7919}.Debug|x64.Build.0 = Debug|x64
		{DAABF1F1-3D55-4BC1-BD48-208EF08E7919}.Debug|x86.ActiveCfg = Debug|Win32
		{DAABF1F1-3D55-4BC1-BD48-208EF08E7919}.Debug|x86.Build.0 = Debug|Win32
		{DAABF1F1-3D55-4BC1-BD48-208EF08E7919}.Release|x64.ActiveCfg = Release|x64
		{DAABF1F1-3D55-4BC1-BD48-208EF08E7919}.Release|x64.Build.0 = Release|x64
		{DAABF1F1-3D55-4BC1-BD48-208EF08E7919}.Release|x86.ActiveCfg = Release|Win32
		{DAABF1F1-3D55-4BC1-BD48-208EF08E7919}.Release|x86.Build.0 = Release|Win32
	EndGlobalSection
	GlobalSection(SolutionProperties) = preSolution
		HideSolutionNode = FALSE
	EndGlobalSection
	GlobalSection(ExtensibilityGlobals) = postSolution
		SolutionGuid = {585BA035-79AE-4F1A-BF82-061B1AB9852D}
	EndGlobalSection
EndGlobal
